// !$*UTF8*$!
{
	archiveVersion = 1;
	classes = {
	};
	objectVersion = 55;
	objects = {

/* Begin PBXBuildFile section */
		9CDFB75527F85C1B00AC49CF /* AppDelegate.swift in Sources */ = {isa = PBXBuildFile; fileRef = 9CDFB75427F85C1B00AC49CF /* AppDelegate.swift */; };
		9CDFB75727F85C1B00AC49CF /* SceneDelegate.swift in Sources */ = {isa = PBXBuildFile; fileRef = 9CDFB75627F85C1B00AC49CF /* SceneDelegate.swift */; };
		9CDFB75927F85C1B00AC49CF /* ViewController.swift in Sources */ = {isa = PBXBuildFile; fileRef = 9CDFB75827F85C1B00AC49CF /* ViewController.swift */; };
		9CDFB75C27F85C1B00AC49CF /* Main.storyboard in Resources */ = {isa = PBXBuildFile; fileRef = 9CDFB75A27F85C1B00AC49CF /* Main.storyboard */; };
		9CDFB75E27F85C1D00AC49CF /* Assets.xcassets in Resources */ = {isa = PBXBuildFile; fileRef = 9CDFB75D27F85C1D00AC49CF /* Assets.xcassets */; };
		9CDFB76127F85C1D00AC49CF /* LaunchScreen.storyboard in Resources */ = {isa = PBXBuildFile; fileRef = 9CDFB75F27F85C1D00AC49CF /* LaunchScreen.storyboard */; };
		9CDFB76A27F85DBA00AC49CF /* CourseDetailsViewController.swift in Sources */ = {isa = PBXBuildFile; fileRef = 9CDFB76927F85DBA00AC49CF /* CourseDetailsViewController.swift */; };
		9CDFB76D27F85F6F00AC49CF /* CourseDetailsPresenter.swift in Sources */ = {isa = PBXBuildFile; fileRef = 9CDFB76C27F85F6F00AC49CF /* CourseDetailsPresenter.swift */; };
		9CDFB76F27F85F7900AC49CF /* CourseDetailsInteractor.swift in Sources */ = {isa = PBXBuildFile; fileRef = 9CDFB76E27F85F7900AC49CF /* CourseDetailsInteractor.swift */; };
		9CDFB77127F85FF800AC49CF /* CourseDetailsConfigurator.swift in Sources */ = {isa = PBXBuildFile; fileRef = 9CDFB77027F85FF800AC49CF /* CourseDetailsConfigurator.swift */; };
		9CDFB77327F865F700AC49CF /* Course.swift in Sources */ = {isa = PBXBuildFile; fileRef = 9CDFB77227F865F700AC49CF /* Course.swift */; };
		9CDFB77627FA06C000AC49CF /* ImageManager.swift in Sources */ = {isa = PBXBuildFile; fileRef = 9CDFB77527FA06C000AC49CF /* ImageManager.swift */; };
		9CDFB77927FA17D600AC49CF /* NetworkManager.swift in Sources */ = {isa = PBXBuildFile; fileRef = 9CDFB77827FA17D600AC49CF /* NetworkManager.swift */; };
		9CDFB77B27FA187C00AC49CF /* DataManager.swift in Sources */ = {isa = PBXBuildFile; fileRef = 9CDFB77A27FA187C00AC49CF /* DataManager.swift */; };
/* End PBXBuildFile section */

/* Begin PBXFileReference section */
		9CDFB75127F85C1B00AC49CF /* CourseDetailsVIPER.app */ = {isa = PBXFileReference; explicitFileType = wrapper.application; includeInIndex = 0; path = CourseDetailsVIPER.app; sourceTree = BUILT_PRODUCTS_DIR; };
		9CDFB75427F85C1B00AC49CF /* AppDelegate.swift */ = {isa = PBXFileReference; lastKnownFileType = sourcecode.swift; path = AppDelegate.swift; sourceTree = "<group>"; };
		9CDFB75627F85C1B00AC49CF /* SceneDelegate.swift */ = {isa = PBXFileReference; lastKnownFileType = sourcecode.swift; path = SceneDelegate.swift; sourceTree = "<group>"; };
		9CDFB75827F85C1B00AC49CF /* ViewController.swift */ = {isa = PBXFileReference; lastKnownFileType = sourcecode.swift; path = ViewController.swift; sourceTree = "<group>"; };
		9CDFB75B27F85C1B00AC49CF /* Base */ = {isa = PBXFileReference; lastKnownFileType = file.storyboard; name = Base; path = Base.lproj/Main.storyboard; sourceTree = "<group>"; };
		9CDFB75D27F85C1D00AC49CF /* Assets.xcassets */ = {isa = PBXFileReference; lastKnownFileType = folder.assetcatalog; path = Assets.xcassets; sourceTree = "<group>"; };
		9CDFB76027F85C1D00AC49CF /* Base */ = {isa = PBXFileReference; lastKnownFileType = file.storyboard; name = Base; path = Base.lproj/LaunchScreen.storyboard; sourceTree = "<group>"; };
		9CDFB76227F85C1D00AC49CF /* Info.plist */ = {isa = PBXFileReference; lastKnownFileType = text.plist.xml; path = Info.plist; sourceTree = "<group>"; };
		9CDFB76927F85DBA00AC49CF /* CourseDetailsViewController.swift */ = {isa = PBXFileReference; lastKnownFileType = sourcecode.swift; path = CourseDetailsViewController.swift; sourceTree = "<group>"; };
		9CDFB76C27F85F6F00AC49CF /* CourseDetailsPresenter.swift */ = {isa = PBXFileReference; lastKnownFileType = sourcecode.swift; path = CourseDetailsPresenter.swift; sourceTree = "<group>"; };
		9CDFB76E27F85F7900AC49CF /* CourseDetailsInteractor.swift */ = {isa = PBXFileReference; lastKnownFileType = sourcecode.swift; path = CourseDetailsInteractor.swift; sourceTree = "<group>"; };
		9CDFB77027F85FF800AC49CF /* CourseDetailsConfigurator.swift */ = {isa = PBXFileReference; lastKnownFileType = sourcecode.swift; path = CourseDetailsConfigurator.swift; sourceTree = "<group>"; };
		9CDFB77227F865F700AC49CF /* Course.swift */ = {isa = PBXFileReference; lastKnownFileType = sourcecode.swift; path = Course.swift; sourceTree = "<group>"; };
		9CDFB77527FA06C000AC49CF /* ImageManager.swift */ = {isa = PBXFileReference; lastKnownFileType = sourcecode.swift; path = ImageManager.swift; sourceTree = "<group>"; };
		9CDFB77827FA17D600AC49CF /* NetworkManager.swift */ = {isa = PBXFileReference; lastKnownFileType = sourcecode.swift; path = NetworkManager.swift; sourceTree = "<group>"; };
		9CDFB77A27FA187C00AC49CF /* DataManager.swift */ = {isa = PBXFileReference; lastKnownFileType = sourcecode.swift; path = DataManager.swift; sourceTree = "<group>"; };
/* End PBXFileReference section */

/* Begin PBXFrameworksBuildPhase section */
		9CDFB74E27F85C1B00AC49CF /* Frameworks */ = {
			isa = PBXFrameworksBuildPhase;
			buildActionMask = 2147483647;
			files = (
			);
			runOnlyForDeploymentPostprocessing = 0;
		};
/* End PBXFrameworksBuildPhase section */

/* Begin PBXGroup section */
		9CDFB74827F85C1B00AC49CF = {
			isa = PBXGroup;
			children = (
				9CDFB75327F85C1B00AC49CF /* CourseDetailsVIPER */,
				9CDFB75227F85C1B00AC49CF /* Products */,
			);
			sourceTree = "<group>";
		};
		9CDFB75227F85C1B00AC49CF /* Products */ = {
			isa = PBXGroup;
			children = (
				9CDFB75127F85C1B00AC49CF /* CourseDetailsVIPER.app */,
			);
			name = Products;
			sourceTree = "<group>";
		};
		9CDFB75327F85C1B00AC49CF /* CourseDetailsVIPER */ = {
			isa = PBXGroup;
			children = (
				9CDFB76B27F85ECD00AC49CF /* CourseDetails */,
				9CDFB77427F8661700AC49CF /* Models */,
				9CDFB77727FA06D800AC49CF /* Services */,
				9CDFB75427F85C1B00AC49CF /* AppDelegate.swift */,
				9CDFB75627F85C1B00AC49CF /* SceneDelegate.swift */,
				9CDFB75827F85C1B00AC49CF /* ViewController.swift */,
				9CDFB76827F85D9500AC49CF /* Storyboard */,
				9CDFB75D27F85C1D00AC49CF /* Assets.xcassets */,
				9CDFB76227F85C1D00AC49CF /* Info.plist */,
			);
			path = CourseDetailsVIPER;
			sourceTree = "<group>";
		};
		9CDFB76827F85D9500AC49CF /* Storyboard */ = {
			isa = PBXGroup;
			children = (
				9CDFB75A27F85C1B00AC49CF /* Main.storyboard */,
				9CDFB75F27F85C1D00AC49CF /* LaunchScreen.storyboard */,
			);
			path = Storyboard;
			sourceTree = "<group>";
		};
		9CDFB76B27F85ECD00AC49CF /* CourseDetails */ = {
			isa = PBXGroup;
			children = (
				9CDFB76927F85DBA00AC49CF /* CourseDetailsViewController.swift */,
				9CDFB76C27F85F6F00AC49CF /* CourseDetailsPresenter.swift */,
				9CDFB76E27F85F7900AC49CF /* CourseDetailsInteractor.swift */,
				9CDFB77027F85FF800AC49CF /* CourseDetailsConfigurator.swift */,
			);
			path = CourseDetails;
			sourceTree = "<group>";
		};
		9CDFB77427F8661700AC49CF /* Models */ = {
			isa = PBXGroup;
			children = (
				9CDFB77227F865F700AC49CF /* Course.swift */,
			);
			path = Models;
			sourceTree = "<group>";
		};
		9CDFB77727FA06D800AC49CF /* Services */ = {
			isa = PBXGroup;
			children = (
				9CDFB77827FA17D600AC49CF /* NetworkManager.swift */,
				9CDFB77A27FA187C00AC49CF /* DataManager.swift */,
				9CDFB77527FA06C000AC49CF /* ImageManager.swift */,
			);
			path = Services;
			sourceTree = "<group>";
		};
/* End PBXGroup section */

/* Begin PBXNativeTarget section */
		9CDFB75027F85C1B00AC49CF /* CourseDetailsVIPER */ = {
			isa = PBXNativeTarget;
			buildConfigurationList = 9CDFB76527F85C1D00AC49CF /* Build configuration list for PBXNativeTarget "CourseDetailsVIPER" */;
			buildPhases = (
				9CDFB74D27F85C1B00AC49CF /* Sources */,
				9CDFB74E27F85C1B00AC49CF /* Frameworks */,
				9CDFB74F27F85C1B00AC49CF /* Resources */,
			);
			buildRules = (
			);
			dependencies = (
			);
			name = CourseDetailsVIPER;
			productName = CourseDetailsVIPER;
			productReference = 9CDFB75127F85C1B00AC49CF /* CourseDetailsVIPER.app */;
			productType = "com.apple.product-type.application";
		};
/* End PBXNativeTarget section */

/* Begin PBXProject section */
		9CDFB74927F85C1B00AC49CF /* Project object */ = {
			isa = PBXProject;
			attributes = {
				BuildIndependentTargetsInParallel = 1;
				LastSwiftUpdateCheck = 1330;
				LastUpgradeCheck = 1330;
				TargetAttributes = {
					9CDFB75027F85C1B00AC49CF = {
						CreatedOnToolsVersion = 13.3;
					};
				};
			};
			buildConfigurationList = 9CDFB74C27F85C1B00AC49CF /* Build configuration list for PBXProject "CourseDetailsVIPER" */;
			compatibilityVersion = "Xcode 13.0";
			developmentRegion = en;
			hasScannedForEncodings = 0;
			knownRegions = (
				en,
				Base,
			);
			mainGroup = 9CDFB74827F85C1B00AC49CF;
			productRefGroup = 9CDFB75227F85C1B00AC49CF /* Products */;
			projectDirPath = "";
			projectRoot = "";
			targets = (
				9CDFB75027F85C1B00AC49CF /* CourseDetailsVIPER */,
			);
		};
/* End PBXProject section */

/* Begin PBXResourcesBuildPhase section */
		9CDFB74F27F85C1B00AC49CF /* Resources */ = {
			isa = PBXResourcesBuildPhase;
			buildActionMask = 2147483647;
			files = (
				9CDFB76127F85C1D00AC49CF /* LaunchScreen.storyboard in Resources */,
				9CDFB75E27F85C1D00AC49CF /* Assets.xcassets in Resources */,
				9CDFB75C27F85C1B00AC49CF /* Main.storyboard in Resources */,
			);
			runOnlyForDeploymentPostprocessing = 0;
		};
/* End PBXResourcesBuildPhase section */

/* Begin PBXSourcesBuildPhase section */
		9CDFB74D27F85C1B00AC49CF /* Sources */ = {
			isa = PBXSourcesBuildPhase;
			buildActionMask = 2147483647;
			files = (
				9CDFB75927F85C1B00AC49CF /* ViewController.swift in Sources */,
				9CDFB77127F85FF800AC49CF /* CourseDetailsConfigurator.swift in Sources */,
				9CDFB77927FA17D600AC49CF /* NetworkManager.swift in Sources */,
				9CDFB75527F85C1B00AC49CF /* AppDelegate.swift in Sources */,
				9CDFB77627FA06C000AC49CF /* ImageManager.swift in Sources */,
				9CDFB76A27F85DBA00AC49CF /* CourseDetailsViewController.swift in Sources */,
				9CDFB76D27F85F6F00AC49CF /* CourseDetailsPresenter.swift in Sources */,
				9CDFB76F27F85F7900AC49CF /* CourseDetailsInteractor.swift in Sources */,
				9CDFB77B27FA187C00AC49CF /* DataManager.swift in Sources */,
				9CDFB77327F865F700AC49CF /* Course.swift in Sources */,
				9CDFB75727F85C1B00AC49CF /* SceneDelegate.swift in Sources */,
			);
			runOnlyForDeploymentPostprocessing = 0;
		};
/* End PBXSourcesBuildPhase section */

/* Begin PBXVariantGroup section */
		9CDFB75A27F85C1B00AC49CF /* Main.storyboard */ = {
			isa = PBXVariantGroup;
			children = (
				9CDFB75B27F85C1B00AC49CF /* Base */,
			);
			name = Main.storyboard;
			sourceTree = "<group>";
		};
		9CDFB75F27F85C1D00AC49CF /* LaunchScreen.storyboard */ = {
			isa = PBXVariantGroup;
			children = (
				9CDFB76027F85C1D00AC49CF /* Base */,
			);
			name = LaunchScreen.storyboard;
			sourceTree = "<group>";
		};
/* End PBXVariantGroup section */

/* Begin XCBuildConfiguration section */
		9CDFB76327F85C1D00AC49CF /* Debug */ = {
			isa = XCBuildConfiguration;
			buildSettings = {
				ALWAYS_SEARCH_USER_PATHS = NO;
				CLANG_ANALYZER_NONNULL = YES;
				CLANG_ANALYZER_NUMBER_OBJECT_CONVERSION = YES_AGGRESSIVE;
				CLANG_CXX_LANGUAGE_STANDARD = "gnu++17";
				CLANG_ENABLE_MODULES = YES;
				CLANG_ENABLE_OBJC_ARC = YES;
				CLANG_ENABLE_OBJC_WEAK = YES;
				CLANG_WARN_BLOCK_CAPTURE_AUTORELEASING = YES;
				CLANG_WARN_BOOL_CONVERSION = YES;
				CLANG_WARN_COMMA = YES;
				CLANG_WARN_CONSTANT_CONVERSION = YES;
				CLANG_WARN_DEPRECATED_OBJC_IMPLEMENTATIONS = YES;
				CLANG_WARN_DIRECT_OBJC_ISA_USAGE = YES_ERROR;
				CLANG_WARN_DOCUMENTATION_COMMENTS = YES;
				CLANG_WARN_EMPTY_BODY = YES;
				CLANG_WARN_ENUM_CONVERSION = YES;
				CLANG_WARN_INFINITE_RECURSION = YES;
				CLANG_WARN_INT_CONVERSION = YES;
				CLANG_WARN_NON_LITERAL_NULL_CONVERSION = YES;
				CLANG_WARN_OBJC_IMPLICIT_RETAIN_SELF = YES;
				CLANG_WARN_OBJC_LITERAL_CONVERSION = YES;
				CLANG_WARN_OBJC_ROOT_CLASS = YES_ERROR;
				CLANG_WARN_QUOTED_INCLUDE_IN_FRAMEWORK_HEADER = YES;
				CLANG_WARN_RANGE_LOOP_ANALYSIS = YES;
				CLANG_WARN_STRICT_PROTOTYPES = YES;
				CLANG_WARN_SUSPICIOUS_MOVE = YES;
				CLANG_WARN_UNGUARDED_AVAILABILITY = YES_AGGRESSIVE;
				CLANG_WARN_UNREACHABLE_CODE = YES;
				CLANG_WARN__DUPLICATE_METHOD_MATCH = YES;
				COPY_PHASE_STRIP = NO;
				DEBUG_INFORMATION_FORMAT = dwarf;
				ENABLE_STRICT_OBJC_MSGSEND = YES;
				ENABLE_TESTABILITY = YES;
				GCC_C_LANGUAGE_STANDARD = gnu11;
				GCC_DYNAMIC_NO_PIC = NO;
				GCC_NO_COMMON_BLOCKS = YES;
				GCC_OPTIMIZATION_LEVEL = 0;
				GCC_PREPROCESSOR_DEFINITIONS = (
					"DEBUG=1",
					"$(inherited)",
				);
				GCC_WARN_64_TO_32_BIT_CONVERSION = YES;
				GCC_WARN_ABOUT_RETURN_TYPE = YES_ERROR;
				GCC_WARN_UNDECLARED_SELECTOR = YES;
				GCC_WARN_UNINITIALIZED_AUTOS = YES_AGGRESSIVE;
				GCC_WARN_UNUSED_FUNCTION = YES;
				GCC_WARN_UNUSED_VARIABLE = YES;
				IPHONEOS_DEPLOYMENT_TARGET = 15.4;
				MTL_ENABLE_DEBUG_INFO = INCLUDE_SOURCE;
				MTL_FAST_MATH = YES;
				ONLY_ACTIVE_ARCH = YES;
				SDKROOT = iphoneos;
				SWIFT_ACTIVE_COMPILATION_CONDITIONS = DEBUG;
				SWIFT_OPTIMIZATION_LEVEL = "-Onone";
			};
			name = Debug;
		};
		9CDFB76427F85C1D00AC49CF /* Release */ = {
			isa = XCBuildConfiguration;
			buildSettings = {
				ALWAYS_SEARCH_USER_PATHS = NO;
				CLANG_ANALYZER_NONNULL = YES;
				CLANG_ANALYZER_NUMBER_OBJECT_CONVERSION = YES_AGGRESSIVE;
				CLANG_CXX_LANGUAGE_STANDARD = "gnu++17";
				CLANG_ENABLE_MODULES = YES;
				CLANG_ENABLE_OBJC_ARC = YES;
				CLANG_ENABLE_OBJC_WEAK = YES;
				CLANG_WARN_BLOCK_CAPTURE_AUTORELEASING = YES;
				CLANG_WARN_BOOL_CONVERSION = YES;
				CLANG_WARN_COMMA = YES;
				CLANG_WARN_CONSTANT_CONVERSION = YES;
				CLANG_WARN_DEPRECATED_OBJC_IMPLEMENTATIONS = YES;
				CLANG_WARN_DIRECT_OBJC_ISA_USAGE = YES_ERROR;
				CLANG_WARN_DOCUMENTATION_COMMENTS = YES;
				CLANG_WARN_EMPTY_BODY = YES;
				CLANG_WARN_ENUM_CONVERSION = YES;
				CLANG_WARN_INFINITE_RECURSION = YES;
				CLANG_WARN_INT_CONVERSION = YES;
				CLANG_WARN_NON_LITERAL_NULL_CONVERSION = YES;
				CLANG_WARN_OBJC_IMPLICIT_RETAIN_SELF = YES;
				CLANG_WARN_OBJC_LITERAL_CONVERSION = YES;
				CLANG_WARN_OBJC_ROOT_CLASS = YES_ERROR;
				CLANG_WARN_QUOTED_INCLUDE_IN_FRAMEWORK_HEADER = YES;
				CLANG_WARN_RANGE_LOOP_ANALYSIS = YES;
				CLANG_WARN_STRICT_PROTOTYPES = YES;
				CLANG_WARN_SUSPICIOUS_MOVE = YES;
				CLANG_WARN_UNGUARDED_AVAILABILITY = YES_AGGRESSIVE;
				CLANG_WARN_UNREACHABLE_CODE = YES;
				CLANG_WARN__DUPLICATE_METHOD_MATCH = YES;
				COPY_PHASE_STRIP = NO;
				DEBUG_INFORMATION_FORMAT = "dwarf-with-dsym";
				ENABLE_NS_ASSERTIONS = NO;
				ENABLE_STRICT_OBJC_MSGSEND = YES;
				GCC_C_LANGUAGE_STANDARD = gnu11;
				GCC_NO_COMMON_BLOCKS = YES;
				GCC_WARN_64_TO_32_BIT_CONVERSION = YES;
				GCC_WARN_ABOUT_RETURN_TYPE = YES_ERROR;
				GCC_WARN_UNDECLARED_SELECTOR = YES;
				GCC_WARN_UNINITIALIZED_AUTOS = YES_AGGRESSIVE;
				GCC_WARN_UNUSED_FUNCTION = YES;
				GCC_WARN_UNUSED_VARIABLE = YES;
				IPHONEOS_DEPLOYMENT_TARGET = 15.4;
				MTL_ENABLE_DEBUG_INFO = NO;
				MTL_FAST_MATH = YES;
				SDKROOT = iphoneos;
				SWIFT_COMPILATION_MODE = wholemodule;
				SWIFT_OPTIMIZATION_LEVEL = "-O";
				VALIDATE_PRODUCT = YES;
			};
			name = Release;
		};
		9CDFB76627F85C1D00AC49CF /* Debug */ = {
			isa = XCBuildConfiguration;
			buildSettings = {
				ASSETCATALOG_COMPILER_APPICON_NAME = AppIcon;
				ASSETCATALOG_COMPILER_GLOBAL_ACCENT_COLOR_NAME = AccentColor;
				CODE_SIGN_STYLE = Automatic;
				CURRENT_PROJECT_VERSION = 1;
				DEVELOPMENT_TEAM = Q5RV2AMVQ8;
				GENERATE_INFOPLIST_FILE = YES;
				INFOPLIST_FILE = CourseDetailsVIPER/Info.plist;
				INFOPLIST_KEY_UIApplicationSupportsIndirectInputEvents = YES;
				INFOPLIST_KEY_UILaunchStoryboardName = LaunchScreen;
				INFOPLIST_KEY_UIMainStoryboardFile = Main;
				INFOPLIST_KEY_UISupportedInterfaceOrientations_iPad = "UIInterfaceOrientationPortrait UIInterfaceOrientationPortraitUpsideDown UIInterfaceOrientationLandscapeLeft UIInterfaceOrientationLandscapeRight";
				INFOPLIST_KEY_UISupportedInterfaceOrientations_iPhone = "UIInterfaceOrientationPortrait UIInterfaceOrientationLandscapeLeft UIInterfaceOrientationLandscapeRight";
				LD_RUNPATH_SEARCH_PATHS = (
					"$(inherited)",
					"@executable_path/Frameworks",
				);
				MARKETING_VERSION = 1.0;
				PRODUCT_BUNDLE_IDENTIFIER = Bogdan.CourseDetailsVIPER;
				PRODUCT_NAME = "$(TARGET_NAME)";
				SWIFT_EMIT_LOC_STRINGS = YES;
				SWIFT_VERSION = 5.0;
				TARGETED_DEVICE_FAMILY = "1,2";
			};
			name = Debug;
		};
		9CDFB76727F85C1D00AC49CF /* Release */ = {
			isa = XCBuildConfiguration;
			buildSettings = {
				ASSETCATALOG_COMPILER_APPICON_NAME = AppIcon;
				ASSETCATALOG_COMPILER_GLOBAL_ACCENT_COLOR_NAME = AccentColor;
				CODE_SIGN_STYLE = Automatic;
				CURRENT_PROJECT_VERSION = 1;
				DEVELOPMENT_TEAM = Q5RV2AMVQ8;
				GENERATE_INFOPLIST_FILE = YES;
				INFOPLIST_FILE = CourseDetailsVIPER/Info.plist;
				INFOPLIST_KEY_UIApplicationSupportsIndirectInputEvents = YES;
				INFOPLIST_KEY_UILaunchStoryboardName = LaunchScreen;
				INFOPLIST_KEY_UIMainStoryboardFile = Main;
				INFOPLIST_KEY_UISupportedInterfaceOrientations_iPad = "UIInterfaceOrientationPortrait UIInterfaceOrientationPortraitUpsideDown UIInterfaceOrientationLandscapeLeft UIInterfaceOrientationLandscapeRight";
				INFOPLIST_KEY_UISupportedInterfaceOrientations_iPhone = "UIInterfaceOrientationPortrait UIInterfaceOrientationLandscapeLeft UIInterfaceOrientationLandscapeRight";
				LD_RUNPATH_SEARCH_PATHS = (
					"$(inherited)",
					"@executable_path/Frameworks",
				);
				MARKETING_VERSION = 1.0;
				PRODUCT_BUNDLE_IDENTIFIER = Bogdan.CourseDetailsVIPER;
				PRODUCT_NAME = "$(TARGET_NAME)";
				SWIFT_EMIT_LOC_STRINGS = YES;
				SWIFT_VERSION = 5.0;
				TARGETED_DEVICE_FAMILY = "1,2";
			};
			name = Release;
		};
/* End XCBuildConfiguration section */

/* Begin XCConfigurationList section */
		9CDFB74C27F85C1B00AC49CF /* Build configuration list for PBXProject "CourseDetailsVIPER" */ = {
			isa = XCConfigurationList;
			buildConfigurations = (
				9CDFB76327F85C1D00AC49CF /* Debug */,
				9CDFB76427F85C1D00AC49CF /* Release */,
			);
			defaultConfigurationIsVisible = 0;
			defaultConfigurationName = Release;
		};
		9CDFB76527F85C1D00AC49CF /* Build configuration list for PBXNativeTarget "CourseDetailsVIPER" */ = {
			isa = XCConfigurationList;
			buildConfigurations = (
				9CDFB76627F85C1D00AC49CF /* Debug */,
				9CDFB76727F85C1D00AC49CF /* Release */,
			);
			defaultConfigurationIsVisible = 0;
			defaultConfigurationName = Release;
		};
/* End XCConfigurationList section */
	};
	rootObject = 9CDFB74927F85C1B00AC49CF /* Project object */;
}
